
Microsoft Visual Studio Solution File, Format Version 12.00
# Visual Studio 15
VisualStudioVersion = 15.0.28010.2036
MinimumVisualStudioVersion = 10.0.40219.1
Project("{9092AA53-FB77-4645-B42D-1CCCA6BD08BD}") = "TreeSort", "TreeSort\TreeSort.njsproj", "{68B7861F-C70F-408D-B411-9883D8060794}"
EndProject
Global
	GlobalSection(SolutionConfigurationPlatforms) = preSolution
		Debug|Any CPU = Debug|Any CPU
		Release|Any CPU = Release|Any CPU
	EndGlobalSection
	GlobalSection(ProjectConfigurationPlatforms) = postSolution
		{68B7861F-C70F-408D-B411-9883D8060794}.Debug|Any CPU.ActiveCfg = Debug|Any CPU
		{68B7861F-C70F-408D-B411-9883D8060794}.Debug|Any CPU.Build.0 = Debug|Any CPU
		{68B7861F-C70F-408D-B411-9883D8060794}.Release|Any CPU.ActiveCfg = Release|Any CPU
		{68B7861F-C70F-408D-B411-9883D8060794}.Release|Any CPU.Build.0 = Release|Any CPU
	EndGlobalSection
	GlobalSection(SolutionProperties) = preSolution
		HideSolutionNode = FALSE
	EndGlobalSection
	GlobalSection(ExtensibilityGlobals) = postSolution
		SolutionGuid = {B6267DE8-D1EF-4AEE-9234-DE9F5A883344}
	EndGlobalSection
EndGlobal
